{
  "name": "mermaid2obsidian",
  "version": "0.1.0",
  "lockfileVersion": 3,
  "requires": true,
  "packages": {
    "": {
      "name": "mermaid2obsidian",
      "version": "0.1.0",
      "license": "MIT",
      "dependencies": {
        "@mermaid-js/parser": "^0.6.2",
        "dagre": "^0.8.5",
        "nanoid": "^5.1.6",
        "prompts": "^2.4.2"
      },
      "bin": {
        "mermaid2obsidian": "src/index.js"
      }
    },
    "node_modules/@chevrotain/cst-dts-gen": {
      "version": "11.0.3",
      "resolved": "https://registry.npmjs.org/@chevrotain/cst-dts-gen/-/cst-dts-gen-11.0.3.tgz",
      "integrity": "sha512-BvIKpRLeS/8UbfxXxgC33xOumsacaeCKAjAeLyOn7Pcp95HiRbrpl14S+9vaZLolnbssPIUuiUd8IvgkRyt6NQ==",
      "license": "Apache-2.0",
      "dependencies": {
        "@chevrotain/gast": "11.0.3",
        "@chevrotain/types": "11.0.3",
        "lodash-es": "4.17.21"
      }
    },
    "node_modules/@chevrotain/gast": {
      "version": "11.0.3",
      "resolved": "https://registry.npmjs.org/@chevrotain/gast/-/gast-11.0.3.tgz",
      "integrity": "sha512-+qNfcoNk70PyS/uxmj3li5NiECO+2YKZZQMbmjTqRI3Qchu8Hig/Q9vgkHpI3alNjr7M+a2St5pw5w5F6NL5/Q==",
      "license": "Apache-2.0",
      "dependencies": {
        "@chevrotain/types": "11.0.3",
        "lodash-es": "4.17.21"
      }
    },
    "node_modules/@chevrotain/regexp-to-ast": {
      "version": "11.0.3",
      "resolved": "https://registry.npmjs.org/@chevrotain/regexp-to-ast/-/regexp-to-ast-11.0.3.tgz",
      "integrity": "sha512-1fMHaBZxLFvWI067AVbGJav1eRY7N8DDvYCTwGBiE/ytKBgP8azTdgyrKyWZ9Mfh09eHWb5PgTSO8wi7U824RA==",
      "license": "Apache-2.0"
    },
    "node_modules/@chevrotain/types": {
      "version": "11.0.3",
      "resolved": "https://registry.npmjs.org/@chevrotain/types/-/types-11.0.3.tgz",
      "integrity": "sha512-gsiM3G8b58kZC2HaWR50gu6Y1440cHiJ+i3JUvcp/35JchYejb2+5MVeJK0iKThYpAa/P2PYFV4hoi44HD+aHQ==",
      "license": "Apache-2.0"
    },
    "node_modules/@chevrotain/utils": {
      "version": "11.0.3",
      "resolved": "https://registry.npmjs.org/@chevrotain/utils/-/utils-11.0.3.tgz",
      "integrity": "sha512-YslZMgtJUyuMbZ+aKvfF3x1f5liK4mWNxghFRv7jqRR9C3R3fAOGTTKvxXDa2Y1s9zSbcpuO0cAxDYsc9SrXoQ==",
      "license": "Apache-2.0"
    },
    "node_modules/@mermaid-js/parser": {
      "version": "0.6.3",
      "resolved": "https://registry.npmjs.org/@mermaid-js/parser/-/parser-0.6.3.tgz",
      "integrity": "sha512-lnjOhe7zyHjc+If7yT4zoedx2vo4sHaTmtkl1+or8BRTnCtDmcTpAjpzDSfCZrshM5bCoz0GyidzadJAH1xobA==",
      "license": "MIT",
      "dependencies": {
        "langium": "3.3.1"
      }
    },
    "node_modules/chevrotain": {
      "version": "11.0.3",
      "resolved": "https://registry.npmjs.org/chevrotain/-/chevrotain-11.0.3.tgz",
      "integrity": "sha512-ci2iJH6LeIkvP9eJW6gpueU8cnZhv85ELY8w8WiFtNjMHA5ad6pQLaJo9mEly/9qUyCpvqX8/POVUTf18/HFdw==",
      "license": "Apache-2.0",
      "dependencies": {
        "@chevrotain/cst-dts-gen": "11.0.3",
        "@chevrotain/gast": "11.0.3",
        "@chevrotain/regexp-to-ast": "11.0.3",
        "@chevrotain/types": "11.0.3",
        "@chevrotain/utils": "11.0.3",
        "lodash-es": "4.17.21"
      }
    },
    "node_modules/chevrotain-allstar": {
      "version": "0.3.1",
      "resolved": "https://registry.npmjs.org/chevrotain-allstar/-/chevrotain-allstar-0.3.1.tgz",
      "integrity": "sha512-b7g+y9A0v4mxCW1qUhf3BSVPg+/NvGErk/dOkrDaHA0nQIQGAtrOjlX//9OQtRlSCy+x9rfB5N8yC71lH1nvMw==",
      "license": "MIT",
      "dependencies": {
        "lodash-es": "^4.17.21"
      },
      "peerDependencies": {
        "chevrotain": "^11.0.0"
      }
    },
    "node_modules/dagre": {
      "version": "0.8.5",
      "resolved": "https://registry.npmjs.org/dagre/-/dagre-0.8.5.tgz",
      "integrity": "sha512-/aTqmnRta7x7MCCpExk7HQL2O4owCT2h8NT//9I1OQ9vt29Pa0BzSAkR5lwFUcQ7491yVi/3CXU9jQ5o0Mn2Sw==",
      "license": "MIT",
      "dependencies": {
        "graphlib": "^2.1.8",
        "lodash": "^4.17.15"
      }
    },
    "node_modules/graphlib": {
      "version": "2.1.8",
      "resolved": "https://registry.npmjs.org/graphlib/-/graphlib-2.1.8.tgz",
      "integrity": "sha512-jcLLfkpoVGmH7/InMC/1hIvOPSUh38oJtGhvrOFGzioE1DZ+0YW16RgmOJhHiuWTvGiJQ9Z1Ik43JvkRPRvE+A==",
      "license": "MIT",
      "dependencies": {
        "lodash": "^4.17.15"
      }
    },
    "node_modules/kleur": {
      "version": "3.0.3",
      "resolved": "https://registry.npmjs.org/kleur/-/kleur-3.0.3.tgz",
      "integrity": "sha512-eTIzlVOSUR+JxdDFepEYcBMtZ9Qqdef+rnzWdRZuMbOywu5tO2w2N7rqjoANZ5k9vywhL6Br1VRjUIgTQx4E8w==",
      "license": "MIT",
      "engines": {
        "node": ">=6"
      }
    },
    "node_modules/langium": {
      "version": "3.3.1",
      "resolved": "https://registry.npmjs.org/langium/-/langium-3.3.1.tgz",
      "integrity": "sha512-QJv/h939gDpvT+9SiLVlY7tZC3xB2qK57v0J04Sh9wpMb6MP1q8gB21L3WIo8T5P1MSMg3Ep14L7KkDCFG3y4w==",
      "license": "MIT",
      "dependencies": {
        "chevrotain": "~11.0.3",
        "chevrotain-allstar": "~0.3.0",
        "vscode-languageserver": "~9.0.1",
        "vscode-languageserver-textdocument": "~1.0.11",
        "vscode-uri": "~3.0.8"
      },
      "engines": {
        "node": ">=16.0.0"
      }
    },
    "node_modules/lodash": {
      "version": "4.18.1",
      "resolved": "https://registry.npmjs.org/lodash/-/lodash-4.18.1.tgz",
      "integrity": "sha512-dMInicTPVE8d1e5otfwmmjlxkZoUpiVLwyeTdUsi/Caj/gfzzblBcCE5sRHV/AsjuCmxWrte2TNGSYuCeCq+0Q==",
      "license": "MIT"
    },
    "node_modules/lodash-es": {
      "version": "4.17.21",
      "resolved": "https://registry.npmjs.org/lodash-es/-/lodash-es-4.17.21.tgz",
      "integrity": "sha512-mKnC+QJ9pWVzv+C4/U3rRsHapFfHvQFoFB92e52xeyGMcX6/OlIl78je1u8vePzYZSkkogMPJ2yjxxsb89cxyw==",
      "license": "MIT"
    },
    "node_modules/nanoid": {
      "version": "5.1.11",
      "resolved": "https://registry.npmjs.org/nanoid/-/nanoid-5.1.11.tgz",
      "integrity": "sha512-v+KEsUv2ps74PaSKv0gHTxTCgMXOIfBEbaqa6w6ISIGC7ZsvHN4N9oJ8d4cmf0n5oTzQz2SLmThbQWhjd/8eKg==",
      "funding": [
        {
          "type": "github",
          "url": "https://github.com/sponsors/ai"
        }
      ],
      "license": "MIT",
      "bin": {
        "nanoid": "bin/nanoid.js"
      },
      "engines": {
        "node": "^18 || >=20"
      }
    },
    "node_modules/prompts": {
      "version": "2.4.2",
      "resolved": "https://registry.npmjs.org/prompts/-/prompts-2.4.2.tgz",
      "integrity": "sha512-NxNv/kLguCA7p3jE8oL2aEBsrJWgAakBpgmgK6lpPWV+WuOmY6r2/zbAVnP+T8bQlA0nzHXSJSJW0Hq7ylaD2Q==",
      "license": "MIT",
      "dependencies": {
        "kleur": "^3.0.3",
        "sisteransi": "^1.0.5"
      },
      "engines": {
        "node": ">= 6"
      }
    },
    "node_modules/sisteransi": {
      "version": "1.0.5",
      "resolved": "https://registry.npmjs.org/sisteransi/-/sisteransi-1.0.5.tgz",
      "integrity": "sha512-bLGGlR1QxBcynn2d5YmDX4MGjlZvy2MRBDRNHLJ8VI6l6+9FUiyTFNJ0IveOSP0bcXgVDPRcfGqA0pjaqUpfVg==",
      "license": "MIT"
    },
    "node_modules/vscode-jsonrpc": {
      "version": "8.2.0",
      "resolved": "https://registry.npmjs.org/vscode-jsonrpc/-/vscode-jsonrpc-8.2.0.tgz",
      "integrity": "sha512-C+r0eKJUIfiDIfwJhria30+TYWPtuHJXHtI7J0YlOmKAo7ogxP20T0zxB7HZQIFhIyvoBPwWskjxrvAtfjyZfA==",
      "license": "MIT",
      "engines": {
        "node": ">=14.0.0"
      }
    },
    "node_modules/vscode-languageserver": {
      "version": "9.0.1",
      "resolved": "https://registry.npmjs.org/vscode-languageserver/-/vscode-languageserver-9.0.1.tgz",
      "integrity": "sha512-woByF3PDpkHFUreUa7Hos7+pUWdeWMXRd26+ZX2A8cFx6v/JPTtd4/uN0/jB6XQHYaOlHbio03NTHCqrgG5n7g==",
      "license": "MIT",
      "dependencies": {
        "vscode-languageserver-protocol": "3.17.5"
      },
      "bin": {
        "installServerIntoExtension": "bin/installServerIntoExtension"
      }
    },
    "node_modules/vscode-languageserver-protocol": {
      "version": "3.17.5",
      "resolved": "https://registry.npmjs.org/vscode-languageserver-protocol/-/vscode-languageserver-protocol-3.17.5.tgz",
      "integrity": "sha512-mb1bvRJN8SVznADSGWM9u/b07H7Ecg0I3OgXDuLdn307rl/J3A9YD6/eYOssqhecL27hK1IPZAsaqh00i/Jljg==",
      "license": "MIT",
      "dependencies": {
        "vscode-jsonrpc": "8.2.0",
        "vscode-languageserver-types": "3.17.5"
      }
    },
    "node_modules/vscode-languageserver-textdocument": {
      "version": "1.0.12",
      "resolved": "https://registry.npmjs.org/vscode-languageserver-textdocument/-/vscode-languageserver-textdocument-1.0.12.tgz",
      "integrity": "sha512-cxWNPesCnQCcMPeenjKKsOCKQZ/L6Tv19DTRIGuLWe32lyzWhihGVJ/rcckZXJxfdKCFvRLS3fpBIsV/ZGX4zA==",
      "license": "MIT"
    },
    "node_modules/vscode-languageserver-types": {
      "version": "3.17.5",
      "resolved": "https://registry.npmjs.org/vscode-languageserver-types/-/vscode-languageserver-types-3.17.5.tgz",
      "integrity": "sha512-Ld1VelNuX9pdF39h2Hgaeb5hEZM2Z3jUrrMgWQAu82jMtZp7p3vJT3BzToKtZI7NgQssZje5o0zryOrhQvzQAg==",
      "license": "MIT"
    },
    "node_modules/vscode-uri": {
      "version": "3.0.8",
      "resolved": "https://registry.npmjs.org/vscode-uri/-/vscode-uri-3.0.8.tgz",
      "integrity": "sha512-AyFQ0EVmsOZOlAnxoFOGOq1SQDWAB7C6aqMGS23svWAllfOaxbuFvcT8D1i8z3Gyn8fraVeZNNmN6e9bxxXkKw==",
      "license": "MIT"
    }
  }
}
